// !$*UTF8*$!
{
	archiveVersion = 1;
	classes = {
	};
	objectVersion = 56;
	objects = {

/* Begin PBXBuildFile section */
		24653EF62C0581E00058210C /* RaygunCatalogueApp.swift in Sources */ = {isa = PBXBuildFile; fileRef = 24653EF52C0581E00058210C /* RaygunCatalogueApp.swift */; };
		24653EF82C0581E00058210C /* ContentView.swift in Sources */ = {isa = PBXBuildFile; fileRef = 24653EF72C0581E00058210C /* ContentView.swift */; };
		24653EFA2C0581E10058210C /* Assets.xcassets in Resources */ = {isa = PBXBuildFile; fileRef = 24653EF92C0581E10058210C /* Assets.xcassets */; };
		24653EFD2C0581E10058210C /* Preview Assets.xcassets in Resources */ = {isa = PBXBuildFile; fileRef = 24653EFC2C0581E10058210C /* Preview Assets.xcassets */; };
		24653F072C0581E10058210C /* RaygunCatalogueTests.swift in Sources */ = {isa = PBXBuildFile; fileRef = 24653F062C0581E10058210C /* RaygunCatalogueTests.swift */; };
		24653F112C0581E10058210C /* RaygunCatalogueUITests.swift in Sources */ = {isa = PBXBuildFile; fileRef = 24653F102C0581E10058210C /* RaygunCatalogueUITests.swift */; };
		24653F132C0581E10058210C /* RaygunCatalogueUITestsLaunchTests.swift in Sources */ = {isa = PBXBuildFile; fileRef = 24653F122C0581E10058210C /* RaygunCatalogueUITestsLaunchTests.swift */; };
/* End PBXBuildFile section */

/* Begin PBXContainerItemProxy section */
		24653F032C0581E10058210C /* PBXContainerItemProxy */ = {
			isa = PBXContainerItemProxy;
			containerPortal = 24653EEA2C0581E00058210C /* Project object */;
			proxyType = 1;
			remoteGlobalIDString = 24653EF12C0581E00058210C;
			remoteInfo = RaygunCatalogue;
		};
		24653F0D2C0581E10058210C /* PBXContainerItemProxy */ = {
			isa = PBXContainerItemProxy;
			containerPortal = 24653EEA2C0581E00058210C /* Project object */;
			proxyType = 1;
			remoteGlobalIDString = 24653EF12C0581E00058210C;
			remoteInfo = RaygunCatalogue;
		};
/* End PBXContainerItemProxy section */

/* Begin PBXFileReference section */
		24653EF22C0581E00058210C /* RaygunCatalogue.app */ = {isa = PBXFileReference; explicitFileType = wrapper.application; includeInIndex = 0; path = RaygunCatalogue.app; sourceTree = BUILT_PRODUCTS_DIR; };
		24653EF52C0581E00058210C /* RaygunCatalogueApp.swift */ = {isa = PBXFileReference; lastKnownFileType = sourcecode.swift; path = RaygunCatalogueApp.swift; sourceTree = "<group>"; };
		24653EF72C0581E00058210C /* ContentView.swift */ = {isa = PBXFileReference; lastKnownFileType = sourcecode.swift; path = ContentView.swift; sourceTree = "<group>"; };
		24653EF92C0581E10058210C /* Assets.xcassets */ = {isa = PBXFileReference; lastKnownFileType = folder.assetcatalog; path = Assets.xcassets; sourceTree = "<group>"; };
		24653EFC2C0581E10058210C /* Preview Assets.xcassets */ = {isa = PBXFileReference; lastKnownFileType = folder.assetcatalog; path = "Preview Assets.xcassets"; sourceTree = "<group>"; };
		24653F022C0581E10058210C /* RaygunCatalogueTests.xctest */ = {isa = PBXFileReference; explicitFileType = wrapper.cfbundle; includeInIndex = 0; path = RaygunCatalogueTests.xctest; sourceTree = BUILT_PRODUCTS_DIR; };
		24653F062C0581E10058210C /* RaygunCatalogueTests.swift */ = {isa = PBXFileReference; lastKnownFileType = sourcecode.swift; path = RaygunCatalogueTests.swift; sourceTree = "<group>"; };
		24653F0C2C0581E10058210C /* RaygunCatalogueUITests.xctest */ = {isa = PBXFileReference; explicitFileType = wrapper.cfbundle; includeInIndex = 0; path = RaygunCatalogueUITests.xctest; sourceTree = BUILT_PRODUCTS_DIR; };
		24653F102C0581E10058210C /* RaygunCatalogueUITests.swift */ = {isa = PBXFileReference; lastKnownFileType = sourcecode.swift; path = RaygunCatalogueUITests.swift; sourceTree = "<group>"; };
		24653F122C0581E10058210C /* RaygunCatalogueUITestsLaunchTests.swift */ = {isa = PBXFileReference; lastKnownFileType = sourcecode.swift; path = RaygunCatalogueUITestsLaunchTests.swift; sourceTree = "<group>"; };
/* End PBXFileReference section */

/* Begin PBXFrameworksBuildPhase section */
		24653EEF2C0581E00058210C /* Frameworks */ = {
			isa = PBXFrameworksBuildPhase;
			buildActionMask = 2147483647;
			files = (
			);
			runOnlyForDeploymentPostprocessing = 0;
		};
		24653EFF2C0581E10058210C /* Frameworks */ = {
			isa = PBXFrameworksBuildPhase;
			buildActionMask = 2147483647;
			files = (
			);
			runOnlyForDeploymentPostprocessing = 0;
		};
		24653F092C0581E10058210C /* Frameworks */ = {
			isa = PBXFrameworksBuildPhase;
			buildActionMask = 2147483647;
			files = (
			);
			runOnlyForDeploymentPostprocessing = 0;
		};
/* End PBXFrameworksBuildPhase section */

/* Begin PBXGroup section */
		24653EE92C0581E00058210C = {
			isa = PBXGroup;
			children = (
				24653EF42C0581E00058210C /* RaygunCatalogue */,
				24653F052C0581E10058210C /* RaygunCatalogueTests */,
				24653F0F2C0581E10058210C /* RaygunCatalogueUITests */,
				24653EF32C0581E00058210C /* Products */,
			);
			sourceTree = "<group>";
		};
		24653EF32C0581E00058210C /* Products */ = {
			isa = PBXGroup;
			children = (
				24653EF22C0581E00058210C /* RaygunCatalogue.app */,
				24653F022C0581E10058210C /* RaygunCatalogueTests.xctest */,
				24653F0C2C0581E10058210C /* RaygunCatalogueUITests.xctest */,
			);
			name = Products;
			sourceTree = "<group>";
		};
		24653EF42C0581E00058210C /* RaygunCatalogue */ = {
			isa = PBXGroup;
			children = (
				24653EF52C0581E00058210C /* RaygunCatalogueApp.swift */,
				24653EF72C0581E00058210C /* ContentView.swift */,
				24653EF92C0581E10058210C /* Assets.xcassets */,
				24653EFB2C0581E10058210C /* Preview Content */,
			);
			path = RaygunCatalogue;
			sourceTree = "<group>";
		};
		24653EFB2C0581E10058210C /* Preview Content */ = {
			isa = PBXGroup;
			children = (
				24653EFC2C0581E10058210C /* Preview Assets.xcassets */,
			);
			path = "Preview Content";
			sourceTree = "<group>";
		};
		24653F052C0581E10058210C /* RaygunCatalogueTests */ = {
			isa = PBXGroup;
			children = (
				24653F062C0581E10058210C /* RaygunCatalogueTests.swift */,
			);
			path = RaygunCatalogueTests;
			sourceTree = "<group>";
		};
		24653F0F2C0581E10058210C /* RaygunCatalogueUITests */ = {
			isa = PBXGroup;
			children = (
				24653F102C0581E10058210C /* RaygunCatalogueUITests.swift */,
				24653F122C0581E10058210C /* RaygunCatalogueUITestsLaunchTests.swift */,
			);
			path = RaygunCatalogueUITests;
			sourceTree = "<group>";
		};
/* End PBXGroup section */

/* Begin PBXNativeTarget section */
		24653EF12C0581E00058210C /* RaygunCatalogue */ = {
			isa = PBXNativeTarget;
			buildConfigurationList = 24653F162C0581E10058210C /* Build configuration list for PBXNativeTarget "RaygunCatalogue" */;
			buildPhases = (
				24653EEE2C0581E00058210C /* Sources */,
				24653EEF2C0581E00058210C /* Frameworks */,
				24653EF02C0581E00058210C /* Resources */,
			);
			buildRules = (
			);
			dependencies = (
			);
			name = RaygunCatalogue;
			productName = RaygunCatalogue;
			productReference = 24653EF22C0581E00058210C /* RaygunCatalogue.app */;
			productType = "com.apple.product-type.application";
		};
		24653F012C0581E10058210C /* RaygunCatalogueTests */ = {
			isa = PBXNativeTarget;
			buildConfigurationList = 24653F192C0581E10058210C /* Build configuration list for PBXNativeTarget "RaygunCatalogueTests" */;
			buildPhases = (
				24653EFE2C0581E10058210C /* Sources */,
				24653EFF2C0581E10058210C /* Frameworks */,
				24653F002C0581E10058210C /* Resources */,
			);
			buildRules = (
			);
			dependencies = (
				24653F042C0581E10058210C /* PBXTargetDependency */,
			);
			name = RaygunCatalogueTests;
			productName = RaygunCatalogueTests;
			productReference = 24653F022C0581E10058210C /* RaygunCatalogueTests.xctest */;
			productType = "com.apple.product-type.bundle.unit-test";
		};
		24653F0B2C0581E10058210C /* RaygunCatalogueUITests */ = {
			isa = PBXNativeTarget;
			buildConfigurationList = 24653F1C2C0581E10058210C /* Build configuration list for PBXNativeTarget "RaygunCatalogueUITests" */;
			buildPhases = (
				24653F082C0581E10058210C /* Sources */,
				24653F092C0581E10058210C /* Frameworks */,
				24653F0A2C0581E10058210C /* Resources */,
			);
			buildRules = (
			);
			dependencies = (
				24653F0E2C0581E10058210C /* PBXTargetDependency */,
			);
			name = RaygunCatalogueUITests;
			productName = RaygunCatalogueUITests;
			productReference = 24653F0C2C0581E10058210C /* RaygunCatalogueUITests.xctest */;
			productType = "com.apple.product-type.bundle.ui-testing";
		};
/* End PBXNativeTarget section */

/* Begin PBXProject section */
		24653EEA2C0581E00058210C /* Project object */ = {
			isa = PBXProject;
			attributes = {
				BuildIndependentTargetsInParallel = 1;
				LastSwiftUpdateCheck = 1540;
				LastUpgradeCheck = 1540;
				TargetAttributes = {
					24653EF12C0581E00058210C = {
						CreatedOnToolsVersion = 15.4;
					};
					24653F012C0581E10058210C = {
						CreatedOnToolsVersion = 15.4;
						TestTargetID = 24653EF12C0581E00058210C;
					};
					24653F0B2C0581E10058210C = {
						CreatedOnToolsVersion = 15.4;
						TestTargetID = 24653EF12C0581E00058210C;
					};
				};
			};
			buildConfigurationList = 24653EED2C0581E00058210C /* Build configuration list for PBXProject "RaygunCatalogue" */;
			compatibilityVersion = "Xcode 14.0";
			developmentRegion = en;
			hasScannedForEncodings = 0;
			knownRegions = (
				en,
				Base,
			);
			mainGroup = 24653EE92C0581E00058210C;
			productRefGroup = 24653EF32C0581E00058210C /* Products */;
			projectDirPath = "";
			projectRoot = "";
			targets = (
				24653EF12C0581E00058210C /* RaygunCatalogue */,
				24653F012C0581E10058210C /* RaygunCatalogueTests */,
				24653F0B2C0581E10058210C /* RaygunCatalogueUITests */,
			);
		};
/* End PBXProject section */

/* Begin PBXResourcesBuildPhase section */
		24653EF02C0581E00058210C /* Resources */ = {
			isa = PBXResourcesBuildPhase;
			buildActionMask = 2147483647;
			files = (
				24653EFD2C0581E10058210C /* Preview Assets.xcassets in Resources */,
				24653EFA2C0581E10058210C /* Assets.xcassets in Resources */,
			);
			runOnlyForDeploymentPostprocessing = 0;
		};
		24653F002C0581E10058210C /* Resources */ = {
			isa = PBXResourcesBuildPhase;
			buildActionMask = 2147483647;
			files = (
			);
			runOnlyForDeploymentPostprocessing = 0;
		};
		24653F0A2C0581E10058210C /* Resources */ = {
			isa = PBXResourcesBuildPhase;
			buildActionMask = 2147483647;
			files = (
			);
			runOnlyForDeploymentPostprocessing = 0;
		};
/* End PBXResourcesBuildPhase section */

/* Begin PBXSourcesBuildPhase section */
		24653EEE2C0581E00058210C /* Sources */ = {
			isa = PBXSourcesBuildPhase;
			buildActionMask = 2147483647;
			files = (
				24653EF82C0581E00058210C /* ContentView.swift in Sources */,
				24653EF62C0581E00058210C /* RaygunCatalogueApp.swift in Sources */,
			);
			runOnlyForDeploymentPostprocessing = 0;
		};
		24653EFE2C0581E10058210C /* Sources */ = {
			isa = PBXSourcesBuildPhase;
			buildActionMask = 2147483647;
			files = (
				24653F072C0581E10058210C /* RaygunCatalogueTests.swift in Sources */,
			);
			runOnlyForDeploymentPostprocessing = 0;
		};
		24653F082C0581E10058210C /* Sources */ = {
			isa = PBXSourcesBuildPhase;
			buildActionMask = 2147483647;
			files = (
				24653F132C0581E10058210C /* RaygunCatalogueUITestsLaunchTests.swift in Sources */,
				24653F112C0581E10058210C /* RaygunCatalogueUITests.swift in Sources */,
			);
			runOnlyForDeploymentPostprocessing = 0;
		};
/* End PBXSourcesBuildPhase section */

/* Begin PBXTargetDependency section */
		24653F042C0581E10058210C /* PBXTargetDependency */ = {
			isa = PBXTargetDependency;
			target = 24653EF12C0581E00058210C /* RaygunCatalogue */;
			targetProxy = 24653F032C0581E10058210C /* PBXContainerItemProxy */;
		};
		24653F0E2C0581E10058210C /* PBXTargetDependency */ = {
			isa = PBXTargetDependency;
			target = 24653EF12C0581E00058210C /* RaygunCatalogue */;
			targetProxy = 24653F0D2C0581E10058210C /* PBXContainerItemProxy */;
		};
/* End PBXTargetDependency section */

/* Begin XCBuildConfiguration section */
		24653F142C0581E10058210C /* Debug */ = {
			isa = XCBuildConfiguration;
			buildSettings = {
				ALWAYS_SEARCH_USER_PATHS = NO;
				ASSETCATALOG_COMPILER_GENERATE_SWIFT_ASSET_SYMBOL_EXTENSIONS = YES;
				CLANG_ANALYZER_NONNULL = YES;
				CLANG_ANALYZER_NUMBER_OBJECT_CONVERSION = YES_AGGRESSIVE;
				CLANG_CXX_LANGUAGE_STANDARD = "gnu++20";
				CLANG_ENABLE_MODULES = YES;
				CLANG_ENABLE_OBJC_ARC = YES;
				CLANG_ENABLE_OBJC_WEAK = YES;
				CLANG_WARN_BLOCK_CAPTURE_AUTORELEASING = YES;
				CLANG_WARN_BOOL_CONVERSION = YES;
				CLANG_WARN_COMMA = YES;
				CLANG_WARN_CONSTANT_CONVERSION = YES;
				CLANG_WARN_DEPRECATED_OBJC_IMPLEMENTATIONS = YES;
				CLANG_WARN_DIRECT_OBJC_ISA_USAGE = YES_ERROR;
				CLANG_WARN_DOCUMENTATION_COMMENTS = YES;
				CLANG_WARN_EMPTY_BODY = YES;
				CLANG_WARN_ENUM_CONVERSION = YES;
				CLANG_WARN_INFINITE_RECURSION = YES;
				CLANG_WARN_INT_CONVERSION = YES;
				CLANG_WARN_NON_LITERAL_NULL_CONVERSION = YES;
				CLANG_WARN_OBJC_IMPLICIT_RETAIN_SELF = YES;
				CLANG_WARN_OBJC_LITERAL_CONVERSION = YES;
				CLANG_WARN_OBJC_ROOT_CLASS = YES_ERROR;
				CLANG_WARN_QUOTED_INCLUDE_IN_FRAMEWORK_HEADER = YES;
				CLANG_WARN_RANGE_LOOP_ANALYSIS = YES;
				CLANG_WARN_STRICT_PROTOTYPES = YES;
				CLANG_WARN_SUSPICIOUS_MOVE = YES;
				CLANG_WARN_UNGUARDED_AVAILABILITY = YES_AGGRESSIVE;
				CLANG_WARN_UNREACHABLE_CODE = YES;
				CLANG_WARN__DUPLICATE_METHOD_MATCH = YES;
				COPY_PHASE_STRIP = NO;
				DEBUG_INFORMATION_FORMAT = dwarf;
				ENABLE_STRICT_OBJC_MSGSEND = YES;
				ENABLE_TESTABILITY = YES;
				ENABLE_USER_SCRIPT_SANDBOXING = YES;
				GCC_C_LANGUAGE_STANDARD = gnu17;
				GCC_DYNAMIC_NO_PIC = NO;
				GCC_NO_COMMON_BLOCKS = YES;
				GCC_OPTIMIZATION_LEVEL = 0;
				GCC_PREPROCESSOR_DEFINITIONS = (
					"DEBUG=1",
					"$(inherited)",
				);
				GCC_WARN_64_TO_32_BIT_CONVERSION = YES;
				GCC_WARN_ABOUT_RETURN_TYPE = YES_ERROR;
				GCC_WARN_UNDECLARED_SELECTOR = YES;
				GCC_WARN_UNINITIALIZED_AUTOS = YES_AGGRESSIVE;
				GCC_WARN_UNUSED_FUNCTION = YES;
				GCC_WARN_UNUSED_VARIABLE = YES;
				IPHONEOS_DEPLOYMENT_TARGET = 17.5;
				LOCALIZATION_PREFERS_STRING_CATALOGS = YES;
				MTL_ENABLE_DEBUG_INFO = INCLUDE_SOURCE;
				MTL_FAST_MATH = YES;
				ONLY_ACTIVE_ARCH = YES;
				SDKROOT = iphoneos;
				SWIFT_ACTIVE_COMPILATION_CONDITIONS = "DEBUG $(inherited)";
				SWIFT_OPTIMIZATION_LEVEL = "-Onone";
			};
			name = Debug;
		};
		24653F152C0581E10058210C /* Release */ = {
			isa = XCBuildConfiguration;
			buildSettings = {
				ALWAYS_SEARCH_USER_PATHS = NO;
				ASSETCATALOG_COMPILER_GENERATE_SWIFT_ASSET_SYMBOL_EXTENSIONS = YES;
				CLANG_ANALYZER_NONNULL = YES;
				CLANG_ANALYZER_NUMBER_OBJECT_CONVERSION = YES_AGGRESSIVE;
				CLANG_CXX_LANGUAGE_STANDARD = "gnu++20";
				CLANG_ENABLE_MODULES = YES;
				CLANG_ENABLE_OBJC_ARC = YES;
				CLANG_ENABLE_OBJC_WEAK = YES;
				CLANG_WARN_BLOCK_CAPTURE_AUTORELEASING = YES;
				CLANG_WARN_BOOL_CONVERSION = YES;
				CLANG_WARN_COMMA = YES;
				CLANG_WARN_CONSTANT_CONVERSION = YES;
				CLANG_WARN_DEPRECATED_OBJC_IMPLEMENTATIONS = YES;
				CLANG_WARN_DIRECT_OBJC_ISA_USAGE = YES_ERROR;
				CLANG_WARN_DOCUMENTATION_COMMENTS = YES;
				CLANG_WARN_EMPTY_BODY = YES;
				CLANG_WARN_ENUM_CONVERSION = YES;
				CLANG_WARN_INFINITE_RECURSION = YES;
				CLANG_WARN_INT_CONVERSION = YES;
				CLANG_WARN_NON_LITERAL_NULL_CONVERSION = YES;
				CLANG_WARN_OBJC_IMPLICIT_RETAIN_SELF = YES;
				CLANG_WARN_OBJC_LITERAL_CONVERSION = YES;
				CLANG_WARN_OBJC_ROOT_CLASS = YES_ERROR;
				CLANG_WARN_QUOTED_INCLUDE_IN_FRAMEWORK_HEADER = YES;
				CLANG_WARN_RANGE_LOOP_ANALYSIS = YES;
				CLANG_WARN_STRICT_PROTOTYPES = YES;
				CLANG_WARN_SUSPICIOUS_MOVE = YES;
				CLANG_WARN_UNGUARDED_AVAILABILITY = YES_AGGRESSIVE;
				CLANG_WARN_UNREACHABLE_CODE = YES;
				CLANG_WARN__DUPLICATE_METHOD_MATCH = YES;
				COPY_PHASE_STRIP = NO;
				DEBUG_INFORMATION_FORMAT = "dwarf-with-dsym";
				ENABLE_NS_ASSERTIONS = NO;
				ENABLE_STRICT_OBJC_MSGSEND = YES;
				ENABLE_USER_SCRIPT_SANDBOXING = YES;
				GCC_C_LANGUAGE_STANDARD = gnu17;
				GCC_NO_COMMON_BLOCKS = YES;
				GCC_WARN_64_TO_32_BIT_CONVERSION = YES;
				GCC_WARN_ABOUT_RETURN_TYPE = YES_ERROR;
				GCC_WARN_UNDECLARED_SELECTOR = YES;
				GCC_WARN_UNINITIALIZED_AUTOS = YES_AGGRESSIVE;
				GCC_WARN_UNUSED_FUNCTION = YES;
				GCC_WARN_UNUSED_VARIABLE = YES;
				IPHONEOS_DEPLOYMENT_TARGET = 17.5;
				LOCALIZATION_PREFERS_STRING_CATALOGS = YES;
				MTL_ENABLE_DEBUG_INFO = NO;
				MTL_FAST_MATH = YES;
				SDKROOT = iphoneos;
				SWIFT_COMPILATION_MODE = wholemodule;
				VALIDATE_PRODUCT = YES;
			};
			name = Release;
		};
		24653F172C0581E10058210C /* Debug */ = {
			isa = XCBuildConfiguration;
			buildSettings = {
				ASSETCATALOG_COMPILER_APPICON_NAME = AppIcon;
				ASSETCATALOG_COMPILER_GLOBAL_ACCENT_COLOR_NAME = AccentColor;
				CODE_SIGN_STYLE = Automatic;
				CURRENT_PROJECT_VERSION = 1;
				DEVELOPMENT_ASSET_PATHS = "\"RaygunCatalogue/Preview Content\"";
				DEVELOPMENT_TEAM = SCD58CA9T3;
				ENABLE_PREVIEWS = YES;
				GENERATE_INFOPLIST_FILE = YES;
				INFOPLIST_KEY_UIApplicationSceneManifest_Generation = YES;
				INFOPLIST_KEY_UIApplicationSupportsIndirectInputEvents = YES;
				INFOPLIST_KEY_UILaunchScreen_Generation = YES;
				INFOPLIST_KEY_UISupportedInterfaceOrientations_iPad = "UIInterfaceOrientationPortrait UIInterfaceOrientationPortraitUpsideDown UIInterfaceOrientationLandscapeLeft UIInterfaceOrientationLandscapeRight";
				INFOPLIST_KEY_UISupportedInterfaceOrientations_iPhone = "UIInterfaceOrientationPortrait UIInterfaceOrientationLandscapeLeft UIInterfaceOrientationLandscapeRight";
				LD_RUNPATH_SEARCH_PATHS = (
					"$(inherited)",
					"@executable_path/Frameworks",
				);
				MARKETING_VERSION = 1.0;
				PRODUCT_BUNDLE_IDENTIFIER = com.nikwakelin.RaygunCatalogue;
				PRODUCT_NAME = "$(TARGET_NAME)";
				SWIFT_EMIT_LOC_STRINGS = YES;
				SWIFT_VERSION = 5.0;
				TARGETED_DEVICE_FAMILY = "1,2";
			};
			name = Debug;
		};
		24653F182C0581E10058210C /* Release */ = {
			isa = XCBuildConfiguration;
			buildSettings = {
				ASSETCATALOG_COMPILER_APPICON_NAME = AppIcon;
				ASSETCATALOG_COMPILER_GLOBAL_ACCENT_COLOR_NAME = AccentColor;
				CODE_SIGN_STYLE = Automatic;
				CURRENT_PROJECT_VERSION = 1;
				DEVELOPMENT_ASSET_PATHS = "\"RaygunCatalogue/Preview Content\"";
				DEVELOPMENT_TEAM = SCD58CA9T3;
				ENABLE_PREVIEWS = YES;
				GENERATE_INFOPLIST_FILE = YES;
				INFOPLIST_KEY_UIApplicationSceneManifest_Generation = YES;
				INFOPLIST_KEY_UIApplicationSupportsIndirectInputEvents = YES;
				INFOPLIST_KEY_UILaunchScreen_Generation = YES;
				INFOPLIST_KEY_UISupportedInterfaceOrientations_iPad = "UIInterfaceOrientationPortrait UIInterfaceOrientationPortraitUpsideDown UIInterfaceOrientationLandscapeLeft UIInterfaceOrientationLandscapeRight";
				INFOPLIST_KEY_UISupportedInterfaceOrientations_iPhone = "UIInterfaceOrientationPortrait UIInterfaceOrientationLandscapeLeft UIInterfaceOrientationLandscapeRight";
				LD_RUNPATH_SEARCH_PATHS = (
					"$(inherited)",
					"@executable_path/Frameworks",
				);
				MARKETING_VERSION = 1.0;
				PRODUCT_BUNDLE_IDENTIFIER = com.nikwakelin.RaygunCatalogue;
				PRODUCT_NAME = "$(TARGET_NAME)";
				SWIFT_EMIT_LOC_STRINGS = YES;
				SWIFT_VERSION = 5.0;
				TARGETED_DEVICE_FAMILY = "1,2";
			};
			name = Release;
		};
		24653F1A2C0581E10058210C /* Debug */ = {
			isa = XCBuildConfiguration;
			buildSettings = {
				ALWAYS_EMBED_SWIFT_STANDARD_LIBRARIES = YES;
				BUNDLE_LOADER = "$(TEST_HOST)";
				CODE_SIGN_STYLE = Automatic;
				CURRENT_PROJECT_VERSION = 1;
				DEVELOPMENT_TEAM = SCD58CA9T3;
				GENERATE_INFOPLIST_FILE = YES;
				IPHONEOS_DEPLOYMENT_TARGET = 17.5;
				MARKETING_VERSION = 1.0;
				PRODUCT_BUNDLE_IDENTIFIER = com.nikwakelin.RaygunCatalogueTests;
				PRODUCT_NAME = "$(TARGET_NAME)";
				SWIFT_EMIT_LOC_STRINGS = NO;
				SWIFT_VERSION = 5.0;
				TARGETED_DEVICE_FAMILY = "1,2";
				TEST_HOST = "$(BUILT_PRODUCTS_DIR)/RaygunCatalogue.app/$(BUNDLE_EXECUTABLE_FOLDER_PATH)/RaygunCatalogue";
			};
			name = Debug;
		};
		24653F1B2C0581E10058210C /* Release */ = {
			isa = XCBuildConfiguration;
			buildSettings = {
				ALWAYS_EMBED_SWIFT_STANDARD_LIBRARIES = YES;
				BUNDLE_LOADER = "$(TEST_HOST)";
				CODE_SIGN_STYLE = Automatic;
				CURRENT_PROJECT_VERSION = 1;
				DEVELOPMENT_TEAM = SCD58CA9T3;
				GENERATE_INFOPLIST_FILE = YES;
				IPHONEOS_DEPLOYMENT_TARGET = 17.5;
				MARKETING_VERSION = 1.0;
				PRODUCT_BUNDLE_IDENTIFIER = com.nikwakelin.RaygunCatalogueTests;
				PRODUCT_NAME = "$(TARGET_NAME)";
				SWIFT_EMIT_LOC_STRINGS = NO;
				SWIFT_VERSION = 5.0;
				TARGETED_DEVICE_FAMILY = "1,2";
				TEST_HOST = "$(BUILT_PRODUCTS_DIR)/RaygunCatalogue.app/$(BUNDLE_EXECUTABLE_FOLDER_PATH)/RaygunCatalogue";
			};
			name = Release;
		};
		24653F1D2C0581E10058210C /* Debug */ = {
			isa = XCBuildConfiguration;
			buildSettings = {
				ALWAYS_EMBED_SWIFT_STANDARD_LIBRARIES = YES;
				CODE_SIGN_STYLE = Automatic;
				CURRENT_PROJECT_VERSION = 1;
				DEVELOPMENT_TEAM = SCD58CA9T3;
				GENERATE_INFOPLIST_FILE = YES;
				MARKETING_VERSION = 1.0;
				PRODUCT_BUNDLE_IDENTIFIER = com.nikwakelin.RaygunCatalogueUITests;
				PRODUCT_NAME = "$(TARGET_NAME)";
				SWIFT_EMIT_LOC_STRINGS = NO;
				SWIFT_VERSION = 5.0;
				TARGETED_DEVICE_FAMILY = "1,2";
				TEST_TARGET_NAME = RaygunCatalogue;
			};
			name = Debug;
		};
		24653F1E2C0581E10058210C /* Release */ = {
			isa = XCBuildConfiguration;
			buildSettings = {
				ALWAYS_EMBED_SWIFT_STANDARD_LIBRARIES = YES;
				CODE_SIGN_STYLE = Automatic;
				CURRENT_PROJECT_VERSION = 1;
				DEVELOPMENT_TEAM = SCD58CA9T3;
				GENERATE_INFOPLIST_FILE = YES;
				MARKETING_VERSION = 1.0;
				PRODUCT_BUNDLE_IDENTIFIER = com.nikwakelin.RaygunCatalogueUITests;
				PRODUCT_NAME = "$(TARGET_NAME)";
				SWIFT_EMIT_LOC_STRINGS = NO;
				SWIFT_VERSION = 5.0;
				TARGETED_DEVICE_FAMILY = "1,2";
				TEST_TARGET_NAME = RaygunCatalogue;
			};
			name = Release;
		};
/* End XCBuildConfiguration section */

/* Begin XCConfigurationList section */
		24653EED2C0581E00058210C /* Build configuration list for PBXProject "RaygunCatalogue" */ = {
			isa = XCConfigurationList;
			buildConfigurations = (
				24653F142C0581E10058210C /* Debug */,
				24653F152C0581E10058210C /* Release */,
			);
			defaultConfigurationIsVisible = 0;
			defaultConfigurationName = Release;
		};
		24653F162C0581E10058210C /* Build configuration list for PBXNativeTarget "RaygunCatalogue" */ = {
			isa = XCConfigurationList;
			buildConfigurations = (
				24653F172C0581E10058210C /* Debug */,
				24653F182C0581E10058210C /* Release */,
			);
			defaultConfigurationIsVisible = 0;
			defaultConfigurationName = Release;
		};
		24653F192C0581E10058210C /* Build configuration list for PBXNativeTarget "RaygunCatalogueTests" */ = {
			isa = XCConfigurationList;
			buildConfigurations = (
				24653F1A2C0581E10058210C /* Debug */,
				24653F1B2C0581E10058210C /* Release */,
			);
			defaultConfigurationIsVisible = 0;
			defaultConfigurationName = Release;
		};
		24653F1C2C0581E10058210C /* Build configuration list for PBXNativeTarget "RaygunCatalogueUITests" */ = {
			isa = XCConfigurationList;
			buildConfigurations = (
				24653F1D2C0581E10058210C /* Debug */,
				24653F1E2C0581E10058210C /* Release */,
			);
			defaultConfigurationIsVisible = 0;
			defaultConfigurationName = Release;
		};
/* End XCConfigurationList section */
	};
	rootObject = 24653EEA2C0581E00058210C /* Project object */;
}
